{
  "name": "tools-figma-downloader",
  "version": "0.1.0",
  "lockfileVersion": 3,
  "requires": true,
  "packages": {
    "": {
      "name": "tools-figma-downloader",
      "version": "0.1.0",
      "bin": {
        "figma-download": "bin/figma-download.mjs"
      },
      "engines": {
        "node": ">=20"
      }
    }
  }
}
